
Microsoft Visual Studio Solution File, Format Version 12.00
Project("{FAE04EC0-301F-11D3-BF4B-00C04F79EFBC}") = "Log", "Log\Log.csproj", "{90BCCA7C-3807-4947-9B81-B6278ACAF05D}"
EndProject
Project("{FAE04EC0-301F-11D3-BF4B-00C04F79EFBC}") = "CUIEngine", "CUIEngine\CUIEngine.csproj", "{AE1D688B-ED0F-4B6F-A8A4-3E1AAC7A95E8}"
EndProject
Project("{FAE04EC0-301F-11D3-BF4B-00C04F79EFBC}") = "Demo", "Demo\Demo.csproj", "{968AE8A8-911B-46BE-931B-71A02C17367B}"
EndProject
Global
	GlobalSection(SolutionConfigurationPlatforms) = preSolution
		Debug|Any CPU = Debug|Any CPU
		Release|Any CPU = Release|Any CPU
	EndGlobalSection
	GlobalSection(ProjectConfigurationPlatforms) = postSolution
		{90BCCA7C-3807-4947-9B81-B6278ACAF05D}.Debug|Any CPU.ActiveCfg = Debug|Any CPU
		{90BCCA7C-3807-4947-9B81-B6278ACAF05D}.Debug|Any CPU.Build.0 = Debug|Any CPU
		{90BCCA7C-3807-4947-9B81-B6278ACAF05D}.Release|Any CPU.ActiveCfg = Release|Any CPU
		{90BCCA7C-3807-4947-9B81-B6278ACAF05D}.Release|Any CPU.Build.0 = Release|Any CPU
		{AE1D688B-ED0F-4B6F-A8A4-3E1AAC7A95E8}.Debug|Any CPU.ActiveCfg = Debug|Any CPU
		{AE1D688B-ED0F-4B6F-A8A4-3E1AAC7A95E8}.Debug|Any CPU.Build.0 = Debug|Any CPU
		{AE1D688B-ED0F-4B6F-A8A4-3E1AAC7A95E8}.Release|Any CPU.ActiveCfg = Release|Any CPU
		{AE1D688B-ED0F-4B6F-A8A4-3E1AAC7A95E8}.Release|Any CPU.Build.0 = Release|Any CPU
		{968AE8A8-911B-46BE-931B-71A02C17367B}.Debug|Any CPU.ActiveCfg = Debug|Any CPU
		{968AE8A8-911B-46BE-931B-71A02C17367B}.Debug|Any CPU.Build.0 = Debug|Any CPU
		{968AE8A8-911B-46BE-931B-71A02C17367B}.Release|Any CPU.ActiveCfg = Release|Any CPU
		{968AE8A8-911B-46BE-931B-71A02C17367B}.Release|Any CPU.Build.0 = Release|Any CPU
	EndGlobalSection
EndGlobal
