
Microsoft Visual Studio Solution File, Format Version 12.00
Project("{FAE04EC0-301F-11D3-BF4B-00C04F79EFBC}") = "CUIEngine", "CUIEngine\CUIEngine.csproj", "{E5521681-D21C-40ED-BABC-2BE2F3E84ABC}"
EndProject
Global
	GlobalSection(SolutionConfigurationPlatforms) = preSolution
		Debug|Any CPU = Debug|Any CPU
		Release|Any CPU = Release|Any CPU
	EndGlobalSection
	GlobalSection(ProjectConfigurationPlatforms) = postSolution
		{E5521681-D21C-40ED-BABC-2BE2F3E84ABC}.Debug|Any CPU.ActiveCfg = Debug|Any CPU
		{E5521681-D21C-40ED-BABC-2BE2F3E84ABC}.Debug|Any CPU.Build.0 = Debug|Any CPU
		{E5521681-D21C-40ED-BABC-2BE2F3E84ABC}.Release|Any CPU.ActiveCfg = Release|Any CPU
		{E5521681-D21C-40ED-BABC-2BE2F3E84ABC}.Release|Any CPU.Build.0 = Release|Any CPU
	EndGlobalSection
EndGlobal
